// !$*UTF8*$!
{
	archiveVersion = 1;
	classes = {
	};
	objectVersion = 77;
	objects = {

/* Begin PBXBuildFile section */
		E7BB91502FBEEC5F00DC4D27 /* Turf in Frameworks */ = {isa = PBXBuildFile; productRef = E7BB914F2FBEEC5F00DC4D27 /* Turf */; };
/* End PBXBuildFile section */

/* Begin PBXContainerItemProxy section */
		E7BB91312FBEE25200DC4D27 /* PBXContainerItemProxy */ = {
			isa = PBXContainerItemProxy;
			containerPortal = E7BB91192FBEE25100DC4D27 /* Project object */;
			proxyType = 1;
			remoteGlobalIDString = E7BB91202FBEE25100DC4D27;
			remoteInfo = PropertyAtlas;
		};
		E7BB913B2FBEE25200DC4D27 /* PBXContainerItemProxy */ = {
			isa = PBXContainerItemProxy;
			containerPortal = E7BB91192FBEE25100DC4D27 /* Project object */;
			proxyType = 1;
			remoteGlobalIDString = E7BB91202FBEE25100DC4D27;
			remoteInfo = PropertyAtlas;
		};
/* End PBXContainerItemProxy section */

/* Begin PBXFileReference section */
		E7BB91212FBEE25100DC4D27 /* PropertyAtlas.app */ = {isa = PBXFileReference; explicitFileType = wrapper.application; includeInIndex = 0; path = PropertyAtlas.app; sourceTree = BUILT_PRODUCTS_DIR; };
		E7BB91302FBEE25200DC4D27 /* PropertyAtlasTests.xctest */ = {isa = PBXFileReference; explicitFileType = wrapper.cfbundle; includeInIndex = 0; path = PropertyAtlasTests.xctest; sourceTree = BUILT_PRODUCTS_DIR; };
		E7BB913A2FBEE25200DC4D27 /* PropertyAtlasUITests.xctest */ = {isa = PBXFileReference; explicitFileType = wrapper.cfbundle; includeInIndex = 0; path = PropertyAtlasUITests.xctest; sourceTree = BUILT_PRODUCTS_DIR; };
/* End PBXFileReference section */

/* Begin PBXFileSystemSynchronizedBuildFileExceptionSet section */
		E7BB91522FBEECAF00DC4D27 /* Exceptions for "PropertyAtlas" folder in "PropertyAtlas" target */ = {
			isa = PBXFileSystemSynchronizedBuildFileExceptionSet;
			membershipExceptions = (
				Info.plist,
			);
			target = E7BB91202FBEE25100DC4D27 /* PropertyAtlas */;
		};
/* End PBXFileSystemSynchronizedBuildFileExceptionSet section */

/* Begin PBXFileSystemSynchronizedRootGroup section */
		E7BB91232FBEE25100DC4D27 /* PropertyAtlas */ = {
			isa = PBXFileSystemSynchronizedRootGroup;
			exceptions = (
				E7BB91522FBEECAF00DC4D27 /* Exceptions for "PropertyAtlas" folder in "PropertyAtlas" target */,
			);
			path = PropertyAtlas;
			sourceTree = "<group>";
		};
		E7BB91332FBEE25200DC4D27 /* PropertyAtlasTests */ = {
			isa = PBXFileSystemSynchronizedRootGroup;
			path = PropertyAtlasTests;
			sourceTree = "<group>";
		};
		E7BB913D2FBEE25200DC4D27 /* PropertyAtlasUITests */ = {
			isa = PBXFileSystemSynchronizedRootGroup;
			path = PropertyAtlasUITests;
			sourceTree = "<group>";
		};
/* End PBXFileSystemSynchronizedRootGroup section */

/* Begin PBXFrameworksBuildPhase section */
		E7BB911E2FBEE25100DC4D27 /* Frameworks */ = {
			isa = PBXFrameworksBuildPhase;
			buildActionMask = 2147483647;
			files = (
				E7BB91502FBEEC5F00DC4D27 /* Turf in Frameworks */,
			);
			runOnlyForDeploymentPostprocessing = 0;
		};
		E7BB912D2FBEE25200DC4D27 /* Frameworks */ = {
			isa = PBXFrameworksBuildPhase;
			buildActionMask = 2147483647;
			files = (
			);
			runOnlyForDeploymentPostprocessing = 0;
		};
		E7BB91372FBEE25200DC4D27 /* Frameworks */ = {
			isa = PBXFrameworksBuildPhase;
			buildActionMask = 2147483647;
			files = (
			);
			runOnlyForDeploymentPostprocessing = 0;
		};
/* End PBXFrameworksBuildPhase section */

/* Begin PBXGroup section */
		E7BB91182FBEE25100DC4D27 = {
			isa = PBXGroup;
			children = (
				E7BB91232FBEE25100DC4D27 /* PropertyAtlas */,
				E7BB91332FBEE25200DC4D27 /* PropertyAtlasTests */,
				E7BB913D2FBEE25200DC4D27 /* PropertyAtlasUITests */,
				E7BB91222FBEE25100DC4D27 /* Products */,
			);
			sourceTree = "<group>";
		};
		E7BB91222FBEE25100DC4D27 /* Products */ = {
			isa = PBXGroup;
			children = (
				E7BB91212FBEE25100DC4D27 /* PropertyAtlas.app */,
				E7BB91302FBEE25200DC4D27 /* PropertyAtlasTests.xctest */,
				E7BB913A2FBEE25200DC4D27 /* PropertyAtlasUITests.xctest */,
			);
			name = Products;
			sourceTree = "<group>";
		};
/* End PBXGroup section */

/* Begin PBXNativeTarget section */
		E7BB91202FBEE25100DC4D27 /* PropertyAtlas */ = {
			isa = PBXNativeTarget;
			buildConfigurationList = E7BB91442FBEE25200DC4D27 /* Build configuration list for PBXNativeTarget "PropertyAtlas" */;
			buildPhases = (
				E7BB911D2FBEE25100DC4D27 /* Sources */,
				E7BB911E2FBEE25100DC4D27 /* Frameworks */,
				E7BB911F2FBEE25100DC4D27 /* Resources */,
			);
			buildRules = (
			);
			dependencies = (
			);
			fileSystemSynchronizedGroups = (
				E7BB91232FBEE25100DC4D27 /* PropertyAtlas */,
			);
			name = PropertyAtlas;
			packageProductDependencies = (
				E7BB914F2FBEEC5F00DC4D27 /* Turf */,
			);
			productName = PropertyAtlas;
			productReference = E7BB91212FBEE25100DC4D27 /* PropertyAtlas.app */;
			productType = "com.apple.product-type.application";
		};
		E7BB912F2FBEE25200DC4D27 /* PropertyAtlasTests */ = {
			isa = PBXNativeTarget;
			buildConfigurationList = E7BB91472FBEE25200DC4D27 /* Build configuration list for PBXNativeTarget "PropertyAtlasTests" */;
			buildPhases = (
				E7BB912C2FBEE25200DC4D27 /* Sources */,
				E7BB912D2FBEE25200DC4D27 /* Frameworks */,
				E7BB912E2FBEE25200DC4D27 /* Resources */,
			);
			buildRules = (
			);
			dependencies = (
				E7BB91322FBEE25200DC4D27 /* PBXTargetDependency */,
			);
			fileSystemSynchronizedGroups = (
				E7BB91332FBEE25200DC4D27 /* PropertyAtlasTests */,
			);
			name = PropertyAtlasTests;
			packageProductDependencies = (
			);
			productName = PropertyAtlasTests;
			productReference = E7BB91302FBEE25200DC4D27 /* PropertyAtlasTests.xctest */;
			productType = "com.apple.product-type.bundle.unit-test";
		};
		E7BB91392FBEE25200DC4D27 /* PropertyAtlasUITests */ = {
			isa = PBXNativeTarget;
			buildConfigurationList = E7BB914A2FBEE25200DC4D27 /* Build configuration list for PBXNativeTarget "PropertyAtlasUITests" */;
			buildPhases = (
				E7BB91362FBEE25200DC4D27 /* Sources */,
				E7BB91372FBEE25200DC4D27 /* Frameworks */,
				E7BB91382FBEE25200DC4D27 /* Resources */,
			);
			buildRules = (
			);
			dependencies = (
				E7BB913C2FBEE25200DC4D27 /* PBXTargetDependency */,
			);
			fileSystemSynchronizedGroups = (
				E7BB913D2FBEE25200DC4D27 /* PropertyAtlasUITests */,
			);
			name = PropertyAtlasUITests;
			packageProductDependencies = (
			);
			productName = PropertyAtlasUITests;
			productReference = E7BB913A2FBEE25200DC4D27 /* PropertyAtlasUITests.xctest */;
			productType = "com.apple.product-type.bundle.ui-testing";
		};
/* End PBXNativeTarget section */

/* Begin PBXProject section */
		E7BB91192FBEE25100DC4D27 /* Project object */ = {
			isa = PBXProject;
			attributes = {
				BuildIndependentTargetsInParallel = 1;
				LastSwiftUpdateCheck = 2650;
				LastUpgradeCheck = 2650;
				TargetAttributes = {
					E7BB91202FBEE25100DC4D27 = {
						CreatedOnToolsVersion = 26.5;
					};
					E7BB912F2FBEE25200DC4D27 = {
						CreatedOnToolsVersion = 26.5;
						TestTargetID = E7BB91202FBEE25100DC4D27;
					};
					E7BB91392FBEE25200DC4D27 = {
						CreatedOnToolsVersion = 26.5;
						TestTargetID = E7BB91202FBEE25100DC4D27;
					};
				};
			};
			buildConfigurationList = E7BB911C2FBEE25100DC4D27 /* Build configuration list for PBXProject "PropertyAtlas" */;
			developmentRegion = en;
			hasScannedForEncodings = 0;
			knownRegions = (
				en,
				Base,
			);
			mainGroup = E7BB91182FBEE25100DC4D27;
			minimizedProjectReferenceProxies = 1;
			packageReferences = (
				E7BB914E2FBEEC5F00DC4D27 /* XCRemoteSwiftPackageReference "turf-swift" */,
			);
			preferredProjectObjectVersion = 77;
			productRefGroup = E7BB91222FBEE25100DC4D27 /* Products */;
			projectDirPath = "";
			projectRoot = "";
			targets = (
				E7BB91202FBEE25100DC4D27 /* PropertyAtlas */,
				E7BB912F2FBEE25200DC4D27 /* PropertyAtlasTests */,
				E7BB91392FBEE25200DC4D27 /* PropertyAtlasUITests */,
			);
		};
/* End PBXProject section */

/* Begin PBXResourcesBuildPhase section */
		E7BB911F2FBEE25100DC4D27 /* Resources */ = {
			isa = PBXResourcesBuildPhase;
			buildActionMask = 2147483647;
			files = (
			);
			runOnlyForDeploymentPostprocessing = 0;
		};
		E7BB912E2FBEE25200DC4D27 /* Resources */ = {
			isa = PBXResourcesBuildPhase;
			buildActionMask = 2147483647;
			files = (
			);
			runOnlyForDeploymentPostprocessing = 0;
		};
		E7BB91382FBEE25200DC4D27 /* Resources */ = {
			isa = PBXResourcesBuildPhase;
			buildActionMask = 2147483647;
			files = (
			);
			runOnlyForDeploymentPostprocessing = 0;
		};
/* End PBXResourcesBuildPhase section */

/* Begin PBXSourcesBuildPhase section */
		E7BB911D2FBEE25100DC4D27 /* Sources */ = {
			isa = PBXSourcesBuildPhase;
			buildActionMask = 2147483647;
			files = (
			);
			runOnlyForDeploymentPostprocessing = 0;
		};
		E7BB912C2FBEE25200DC4D27 /* Sources */ = {
			isa = PBXSourcesBuildPhase;
			buildActionMask = 2147483647;
			files = (
			);
			runOnlyForDeploymentPostprocessing = 0;
		};
		E7BB91362FBEE25200DC4D27 /* Sources */ = {
			isa = PBXSourcesBuildPhase;
			buildActionMask = 2147483647;
			files = (
			);
			runOnlyForDeploymentPostprocessing = 0;
		};
/* End PBXSourcesBuildPhase section */

/* Begin PBXTargetDependency section */
		E7BB91322FBEE25200DC4D27 /* PBXTargetDependency */ = {
			isa = PBXTargetDependency;
			target = E7BB91202FBEE25100DC4D27 /* PropertyAtlas */;
			targetProxy = E7BB91312FBEE25200DC4D27 /* PBXContainerItemProxy */;
		};
		E7BB913C2FBEE25200DC4D27 /* PBXTargetDependency */ = {
			isa = PBXTargetDependency;
			target = E7BB91202FBEE25100DC4D27 /* PropertyAtlas */;
			targetProxy = E7BB913B2FBEE25200DC4D27 /* PBXContainerItemProxy */;
		};
/* End PBXTargetDependency section */

/* Begin XCBuildConfiguration section */
		E7BB91422FBEE25200DC4D27 /* Debug */ = {
			isa = XCBuildConfiguration;
			buildSettings = {
				ALWAYS_SEARCH_USER_PATHS = NO;
				ASSETCATALOG_COMPILER_GENERATE_SWIFT_ASSET_SYMBOL_EXTENSIONS = YES;
				CLANG_ANALYZER_NONNULL = YES;
				CLANG_ANALYZER_NUMBER_OBJECT_CONVERSION = YES_AGGRESSIVE;
				CLANG_CXX_LANGUAGE_STANDARD = "gnu++20";
				CLANG_ENABLE_MODULES = YES;
				CLANG_ENABLE_OBJC_ARC = YES;
				CLANG_ENABLE_OBJC_WEAK = YES;
				CLANG_WARN_BLOCK_CAPTURE_AUTORELEASING = YES;
				CLANG_WARN_BOOL_CONVERSION = YES;
				CLANG_WARN_COMMA = YES;
				CLANG_WARN_CONSTANT_CONVERSION = YES;
				CLANG_WARN_DEPRECATED_OBJC_IMPLEMENTATIONS = YES;
				CLANG_WARN_DIRECT_OBJC_ISA_USAGE = YES_ERROR;
				CLANG_WARN_DOCUMENTATION_COMMENTS = YES;
				CLANG_WARN_EMPTY_BODY = YES;
				CLANG_WARN_ENUM_CONVERSION = YES;
				CLANG_WARN_INFINITE_RECURSION = YES;
				CLANG_WARN_INT_CONVERSION = YES;
				CLANG_WARN_NON_LITERAL_NULL_CONVERSION = YES;
				CLANG_WARN_OBJC_IMPLICIT_RETAIN_SELF = YES;
				CLANG_WARN_OBJC_LITERAL_CONVERSION = YES;
				CLANG_WARN_OBJC_ROOT_CLASS = YES_ERROR;
				CLANG_WARN_QUOTED_INCLUDE_IN_FRAMEWORK_HEADER = YES;
				CLANG_WARN_RANGE_LOOP_ANALYSIS = YES;
				CLANG_WARN_STRICT_PROTOTYPES = YES;
				CLANG_WARN_SUSPICIOUS_MOVE = YES;
				CLANG_WARN_UNGUARDED_AVAILABILITY = YES_AGGRESSIVE;
				CLANG_WARN_UNREACHABLE_CODE = YES;
				CLANG_WARN__DUPLICATE_METHOD_MATCH = YES;
				COPY_PHASE_STRIP = NO;
				DEBUG_INFORMATION_FORMAT = dwarf;
				DEVELOPMENT_TEAM = Z9D825YQ26;
				ENABLE_STRICT_OBJC_MSGSEND = YES;
				ENABLE_TESTABILITY = YES;
				ENABLE_USER_SCRIPT_SANDBOXING = YES;
				GCC_C_LANGUAGE_STANDARD = gnu17;
				GCC_DYNAMIC_NO_PIC = NO;
				GCC_NO_COMMON_BLOCKS = YES;
				GCC_OPTIMIZATION_LEVEL = 0;
				GCC_PREPROCESSOR_DEFINITIONS = (
					"DEBUG=1",
					"$(inherited)",
				);
				GCC_WARN_64_TO_32_BIT_CONVERSION = YES;
				GCC_WARN_ABOUT_RETURN_TYPE = YES_ERROR;
				GCC_WARN_UNDECLARED_SELECTOR = YES;
				GCC_WARN_UNINITIALIZED_AUTOS = YES_AGGRESSIVE;
				GCC_WARN_UNUSED_FUNCTION = YES;
				GCC_WARN_UNUSED_VARIABLE = YES;
				IPHONEOS_DEPLOYMENT_TARGET = 26.5;
				LOCALIZATION_PREFERS_STRING_CATALOGS = YES;
				MTL_ENABLE_DEBUG_INFO = INCLUDE_SOURCE;
				MTL_FAST_MATH = YES;
				ONLY_ACTIVE_ARCH = YES;
				SDKROOT = iphoneos;
				SWIFT_ACTIVE_COMPILATION_CONDITIONS = "DEBUG $(inherited)";
				SWIFT_OPTIMIZATION_LEVEL = "-Onone";
			};
			name = Debug;
		};
		E7BB91432FBEE25200DC4D27 /* Release */ = {
			isa = XCBuildConfiguration;
			buildSettings = {
				ALWAYS_SEARCH_USER_PATHS = NO;
				ASSETCATALOG_COMPILER_GENERATE_SWIFT_ASSET_SYMBOL_EXTENSIONS = YES;
				CLANG_ANALYZER_NONNULL = YES;
				CLANG_ANALYZER_NUMBER_OBJECT_CONVERSION = YES_AGGRESSIVE;
				CLANG_CXX_LANGUAGE_STANDARD = "gnu++20";
				CLANG_ENABLE_MODULES = YES;
				CLANG_ENABLE_OBJC_ARC = YES;
				CLANG_ENABLE_OBJC_WEAK = YES;
				CLANG_WARN_BLOCK_CAPTURE_AUTORELEASING = YES;
				CLANG_WARN_BOOL_CONVERSION = YES;
				CLANG_WARN_COMMA = YES;
				CLANG_WARN_CONSTANT_CONVERSION = YES;
				CLANG_WARN_DEPRECATED_OBJC_IMPLEMENTATIONS = YES;
				CLANG_WARN_DIRECT_OBJC_ISA_USAGE = YES_ERROR;
				CLANG_WARN_DOCUMENTATION_COMMENTS = YES;
				CLANG_WARN_EMPTY_BODY = YES;
				CLANG_WARN_ENUM_CONVERSION = YES;
				CLANG_WARN_INFINITE_RECURSION = YES;
				CLANG_WARN_INT_CONVERSION = YES;
				CLANG_WARN_NON_LITERAL_NULL_CONVERSION = YES;
				CLANG_WARN_OBJC_IMPLICIT_RETAIN_SELF = YES;
				CLANG_WARN_OBJC_LITERAL_CONVERSION = YES;
				CLANG_WARN_OBJC_ROOT_CLASS = YES_ERROR;
				CLANG_WARN_QUOTED_INCLUDE_IN_FRAMEWORK_HEADER = YES;
				CLANG_WARN_RANGE_LOOP_ANALYSIS = YES;
				CLANG_WARN_STRICT_PROTOTYPES = YES;
				CLANG_WARN_SUSPICIOUS_MOVE = YES;
				CLANG_WARN_UNGUARDED_AVAILABILITY = YES_AGGRESSIVE;
				CLANG_WARN_UNREACHABLE_CODE = YES;
				CLANG_WARN__DUPLICATE_METHOD_MATCH = YES;
				COPY_PHASE_STRIP = NO;
				DEBUG_INFORMATION_FORMAT = "dwarf-with-dsym";
				DEVELOPMENT_TEAM = Z9D825YQ26;
				ENABLE_NS_ASSERTIONS = NO;
				ENABLE_STRICT_OBJC_MSGSEND = YES;
				ENABLE_USER_SCRIPT_SANDBOXING = YES;
				GCC_C_LANGUAGE_STANDARD = gnu17;
				GCC_NO_COMMON_BLOCKS = YES;
				GCC_WARN_64_TO_32_BIT_CONVERSION = YES;
				GCC_WARN_ABOUT_RETURN_TYPE = YES_ERROR;
				GCC_WARN_UNDECLARED_SELECTOR = YES;
				GCC_WARN_UNINITIALIZED_AUTOS = YES_AGGRESSIVE;
				GCC_WARN_UNUSED_FUNCTION = YES;
				GCC_WARN_UNUSED_VARIABLE = YES;
				IPHONEOS_DEPLOYMENT_TARGET = 26.5;
				LOCALIZATION_PREFERS_STRING_CATALOGS = YES;
				MTL_ENABLE_DEBUG_INFO = NO;
				MTL_FAST_MATH = YES;
				SDKROOT = iphoneos;
				SWIFT_COMPILATION_MODE = wholemodule;
				VALIDATE_PRODUCT = YES;
			};
			name = Release;
		};
		E7BB91452FBEE25200DC4D27 /* Debug */ = {
			isa = XCBuildConfiguration;
			buildSettings = {
				ASSETCATALOG_COMPILER_APPICON_NAME = AppIcon;
				ASSETCATALOG_COMPILER_GLOBAL_ACCENT_COLOR_NAME = AccentColor;
				CODE_SIGN_ENTITLEMENTS = PropertyAtlas/PropertyAtlas.entitlements;
				CODE_SIGN_STYLE = Automatic;
				CURRENT_PROJECT_VERSION = 1;
				DEVELOPMENT_TEAM = Z9D825YQ26;
				ENABLE_PREVIEWS = YES;
				GENERATE_INFOPLIST_FILE = YES;
				INFOPLIST_FILE = PropertyAtlas/Info.plist;
				INFOPLIST_KEY_LSApplicationCategoryType = "public.app-category.utilities";
				INFOPLIST_KEY_NSCameraUsageDescription = "拍摄看房照片";
				INFOPLIST_KEY_NSLocationWhenInUseUsageDescription = "定位用于在地图上显示当前位置";
				INFOPLIST_KEY_NSPhotoLibraryUsageDescription = "从相册选取看房照片";
				INFOPLIST_KEY_UIApplicationSceneManifest_Generation = YES;
				INFOPLIST_KEY_UIApplicationSupportsIndirectInputEvents = YES;
				INFOPLIST_KEY_UILaunchScreen_Generation = YES;
				INFOPLIST_KEY_UISupportedInterfaceOrientations_iPad = "UIInterfaceOrientationPortrait UIInterfaceOrientationPortraitUpsideDown UIInterfaceOrientationLandscapeLeft UIInterfaceOrientationLandscapeRight";
				INFOPLIST_KEY_UISupportedInterfaceOrientations_iPhone = "UIInterfaceOrientationPortrait UIInterfaceOrientationLandscapeLeft UIInterfaceOrientationLandscapeRight";
				LD_RUNPATH_SEARCH_PATHS = (
					"$(inherited)",
					"@executable_path/Frameworks",
				);
				MACOSX_DEPLOYMENT_TARGET = 14.0;
				MARKETING_VERSION = 1.0;
				PRODUCT_BUNDLE_IDENTIFIER = top.akara.propAtlas.PropertyAtlas;
				PRODUCT_NAME = "$(TARGET_NAME)";
				STRING_CATALOG_GENERATE_SYMBOLS = YES;
				SUPPORTED_PLATFORMS = "iphoneos iphonesimulator macosx";
				SUPPORTS_MACCATALYST = YES;
				SUPPORTS_MAC_DESIGNED_FOR_IPHONE_IPAD = NO;
				SWIFT_APPROACHABLE_CONCURRENCY = YES;
				SWIFT_DEFAULT_ACTOR_ISOLATION = MainActor;
				SWIFT_EMIT_LOC_STRINGS = YES;
				SWIFT_UPCOMING_FEATURE_MEMBER_IMPORT_VISIBILITY = YES;
				SWIFT_VERSION = 5.0;
				TARGETED_DEVICE_FAMILY = "1,2";
			};
			name = Debug;
		};
		E7BB91462FBEE25200DC4D27 /* Release */ = {
			isa = XCBuildConfiguration;
			buildSettings = {
				ASSETCATALOG_COMPILER_APPICON_NAME = AppIcon;
				ASSETCATALOG_COMPILER_GLOBAL_ACCENT_COLOR_NAME = AccentColor;
				CODE_SIGN_ENTITLEMENTS = PropertyAtlas/PropertyAtlas.entitlements;
				CODE_SIGN_STYLE = Automatic;
				CURRENT_PROJECT_VERSION = 1;
				DEVELOPMENT_TEAM = Z9D825YQ26;
				ENABLE_PREVIEWS = YES;
				GENERATE_INFOPLIST_FILE = YES;
				INFOPLIST_FILE = PropertyAtlas/Info.plist;
				INFOPLIST_KEY_LSApplicationCategoryType = "public.app-category.utilities";
				INFOPLIST_KEY_NSCameraUsageDescription = "拍摄看房照片";
				INFOPLIST_KEY_NSLocationWhenInUseUsageDescription = "定位用于在地图上显示当前位置";
				INFOPLIST_KEY_NSPhotoLibraryUsageDescription = "从相册选取看房照片";
				INFOPLIST_KEY_UIApplicationSceneManifest_Generation = YES;
				INFOPLIST_KEY_UIApplicationSupportsIndirectInputEvents = YES;
				INFOPLIST_KEY_UILaunchScreen_Generation = YES;
				INFOPLIST_KEY_UISupportedInterfaceOrientations_iPad = "UIInterfaceOrientationPortrait UIInterfaceOrientationPortraitUpsideDown UIInterfaceOrientationLandscapeLeft UIInterfaceOrientationLandscapeRight";
				INFOPLIST_KEY_UISupportedInterfaceOrientations_iPhone = "UIInterfaceOrientationPortrait UIInterfaceOrientationLandscapeLeft UIInterfaceOrientationLandscapeRight";
				LD_RUNPATH_SEARCH_PATHS = (
					"$(inherited)",
					"@executable_path/Frameworks",
				);
				MACOSX_DEPLOYMENT_TARGET = 14.0;
				MARKETING_VERSION = 1.0;
				PRODUCT_BUNDLE_IDENTIFIER = top.akara.propAtlas.PropertyAtlas;
				PRODUCT_NAME = "$(TARGET_NAME)";
				STRING_CATALOG_GENERATE_SYMBOLS = YES;
				SUPPORTED_PLATFORMS = "iphoneos iphonesimulator macosx";
				SUPPORTS_MACCATALYST = YES;
				SUPPORTS_MAC_DESIGNED_FOR_IPHONE_IPAD = NO;
				SWIFT_APPROACHABLE_CONCURRENCY = YES;
				SWIFT_DEFAULT_ACTOR_ISOLATION = MainActor;
				SWIFT_EMIT_LOC_STRINGS = YES;
				SWIFT_UPCOMING_FEATURE_MEMBER_IMPORT_VISIBILITY = YES;
				SWIFT_VERSION = 5.0;
				TARGETED_DEVICE_FAMILY = "1,2";
			};
			name = Release;
		};
		E7BB91482FBEE25200DC4D27 /* Debug */ = {
			isa = XCBuildConfiguration;
			buildSettings = {
				BUNDLE_LOADER = "$(TEST_HOST)";
				CODE_SIGN_STYLE = Automatic;
				CURRENT_PROJECT_VERSION = 1;
				DEVELOPMENT_TEAM = Z9D825YQ26;
				GENERATE_INFOPLIST_FILE = YES;
				IPHONEOS_DEPLOYMENT_TARGET = 26.5;
				MARKETING_VERSION = 1.0;
				PRODUCT_BUNDLE_IDENTIFIER = top.akara.propAtlas.PropertyAtlasTests;
				PRODUCT_NAME = "$(TARGET_NAME)";
				STRING_CATALOG_GENERATE_SYMBOLS = NO;
				SWIFT_APPROACHABLE_CONCURRENCY = YES;
				SWIFT_EMIT_LOC_STRINGS = NO;
				SWIFT_UPCOMING_FEATURE_MEMBER_IMPORT_VISIBILITY = YES;
				SWIFT_VERSION = 5.0;
				TARGETED_DEVICE_FAMILY = "1,2";
				TEST_HOST = "$(BUILT_PRODUCTS_DIR)/PropertyAtlas.app/$(BUNDLE_EXECUTABLE_FOLDER_PATH)/PropertyAtlas";
			};
			name = Debug;
		};
		E7BB91492FBEE25200DC4D27 /* Release */ = {
			isa = XCBuildConfiguration;
			buildSettings = {
				BUNDLE_LOADER = "$(TEST_HOST)";
				CODE_SIGN_STYLE = Automatic;
				CURRENT_PROJECT_VERSION = 1;
				DEVELOPMENT_TEAM = Z9D825YQ26;
				GENERATE_INFOPLIST_FILE = YES;
				IPHONEOS_DEPLOYMENT_TARGET = 26.5;
				MARKETING_VERSION = 1.0;
				PRODUCT_BUNDLE_IDENTIFIER = top.akara.propAtlas.PropertyAtlasTests;
				PRODUCT_NAME = "$(TARGET_NAME)";
				STRING_CATALOG_GENERATE_SYMBOLS = NO;
				SWIFT_APPROACHABLE_CONCURRENCY = YES;
				SWIFT_EMIT_LOC_STRINGS = NO;
				SWIFT_UPCOMING_FEATURE_MEMBER_IMPORT_VISIBILITY = YES;
				SWIFT_VERSION = 5.0;
				TARGETED_DEVICE_FAMILY = "1,2";
				TEST_HOST = "$(BUILT_PRODUCTS_DIR)/PropertyAtlas.app/$(BUNDLE_EXECUTABLE_FOLDER_PATH)/PropertyAtlas";
			};
			name = Release;
		};
		E7BB914B2FBEE25200DC4D27 /* Debug */ = {
			isa = XCBuildConfiguration;
			buildSettings = {
				CODE_SIGN_STYLE = Automatic;
				CURRENT_PROJECT_VERSION = 1;
				DEVELOPMENT_TEAM = Z9D825YQ26;
				GENERATE_INFOPLIST_FILE = YES;
				MARKETING_VERSION = 1.0;
				PRODUCT_BUNDLE_IDENTIFIER = top.akara.propAtlas.PropertyAtlasUITests;
				PRODUCT_NAME = "$(TARGET_NAME)";
				STRING_CATALOG_GENERATE_SYMBOLS = NO;
				SWIFT_APPROACHABLE_CONCURRENCY = YES;
				SWIFT_EMIT_LOC_STRINGS = NO;
				SWIFT_UPCOMING_FEATURE_MEMBER_IMPORT_VISIBILITY = YES;
				SWIFT_VERSION = 5.0;
				TARGETED_DEVICE_FAMILY = "1,2";
				TEST_TARGET_NAME = PropertyAtlas;
			};
			name = Debug;
		};
		E7BB914C2FBEE25200DC4D27 /* Release */ = {
			isa = XCBuildConfiguration;
			buildSettings = {
				CODE_SIGN_STYLE = Automatic;
				CURRENT_PROJECT_VERSION = 1;
				DEVELOPMENT_TEAM = Z9D825YQ26;
				GENERATE_INFOPLIST_FILE = YES;
				MARKETING_VERSION = 1.0;
				PRODUCT_BUNDLE_IDENTIFIER = top.akara.propAtlas.PropertyAtlasUITests;
				PRODUCT_NAME = "$(TARGET_NAME)";
				STRING_CATALOG_GENERATE_SYMBOLS = NO;
				SWIFT_APPROACHABLE_CONCURRENCY = YES;
				SWIFT_EMIT_LOC_STRINGS = NO;
				SWIFT_UPCOMING_FEATURE_MEMBER_IMPORT_VISIBILITY = YES;
				SWIFT_VERSION = 5.0;
				TARGETED_DEVICE_FAMILY = "1,2";
				TEST_TARGET_NAME = PropertyAtlas;
			};
			name = Release;
		};
/* End XCBuildConfiguration section */

/* Begin XCConfigurationList section */
		E7BB911C2FBEE25100DC4D27 /* Build configuration list for PBXProject "PropertyAtlas" */ = {
			isa = XCConfigurationList;
			buildConfigurations = (
				E7BB91422FBEE25200DC4D27 /* Debug */,
				E7BB91432FBEE25200DC4D27 /* Release */,
			);
			defaultConfigurationIsVisible = 0;
			defaultConfigurationName = Release;
		};
		E7BB91442FBEE25200DC4D27 /* Build configuration list for PBXNativeTarget "PropertyAtlas" */ = {
			isa = XCConfigurationList;
			buildConfigurations = (
				E7BB91452FBEE25200DC4D27 /* Debug */,
				E7BB91462FBEE25200DC4D27 /* Release */,
			);
			defaultConfigurationIsVisible = 0;
			defaultConfigurationName = Release;
		};
		E7BB91472FBEE25200DC4D27 /* Build configuration list for PBXNativeTarget "PropertyAtlasTests" */ = {
			isa = XCConfigurationList;
			buildConfigurations = (
				E7BB91482FBEE25200DC4D27 /* Debug */,
				E7BB91492FBEE25200DC4D27 /* Release */,
			);
			defaultConfigurationIsVisible = 0;
			defaultConfigurationName = Release;
		};
		E7BB914A2FBEE25200DC4D27 /* Build configuration list for PBXNativeTarget "PropertyAtlasUITests" */ = {
			isa = XCConfigurationList;
			buildConfigurations = (
				E7BB914B2FBEE25200DC4D27 /* Debug */,
				E7BB914C2FBEE25200DC4D27 /* Release */,
			);
			defaultConfigurationIsVisible = 0;
			defaultConfigurationName = Release;
		};
/* End XCConfigurationList section */

/* Begin XCRemoteSwiftPackageReference section */
		E7BB914E2FBEEC5F00DC4D27 /* XCRemoteSwiftPackageReference "turf-swift" */ = {
			isa = XCRemoteSwiftPackageReference;
			repositoryURL = "https://github.com/mapbox/turf-swift";
			requirement = {
				kind = upToNextMajorVersion;
				minimumVersion = 1.0.0;
			};
		};
/* End XCRemoteSwiftPackageReference section */

/* Begin XCSwiftPackageProductDependency section */
		E7BB914F2FBEEC5F00DC4D27 /* Turf */ = {
			isa = XCSwiftPackageProductDependency;
			package = E7BB914E2FBEEC5F00DC4D27 /* XCRemoteSwiftPackageReference "turf-swift" */;
			productName = Turf;
		};
/* End XCSwiftPackageProductDependency section */
	};
	rootObject = E7BB91192FBEE25100DC4D27 /* Project object */;
}
